
Microsoft Visual Studio Solution File, Format Version 12.00
# Visual Studio 14
VisualStudioVersion = 14.0.24720.0
MinimumVisualStudioVersion = 10.0.40219.1
Project("{FAE04EC0-301F-11D3-BF4B-00C04F79EFBC}") = "CarritoDeCompras", "CarritoDeCompras\CarritoDeCompras.csproj", "{DA6A805E-1B0C-469B-BD2A-C021C35E1937}"
EndProject
Project("{FAE04EC0-301F-11D3-BF4B-00C04F79EFBC}") = "upb.tabd.broker", "upb.tabd.broker\upb.tabd.broker.csproj", "{A8C80542-CF6B-488B-9975-57B5B1EE04EF}"
EndProject
Project("{FAE04EC0-301F-11D3-BF4B-00C04F79EFBC}") = "upb.tabd.entidades", "upb.tabd.entidades\upb.tabd.entidades.csproj", "{FA97CFC5-6FC9-4578-8447-6C8E4BED25A2}"
EndProject
Project("{FAE04EC0-301F-11D3-BF4B-00C04F79EFBC}") = "upb.tabd.controladora", "upb.tabd.controladora\upb.tabd.controladora.csproj", "{99EC8EE8-98DB-4974-BA48-A11FD5955EF8}"
EndProject
Global
	GlobalSection(SolutionConfigurationPlatforms) = preSolution
		Debug|Any CPU = Debug|Any CPU
		Release|Any CPU = Release|Any CPU
	EndGlobalSection
	GlobalSection(ProjectConfigurationPlatforms) = postSolution
		{DA6A805E-1B0C-469B-BD2A-C021C35E1937}.Debug|Any CPU.ActiveCfg = Debug|Any CPU
		{DA6A805E-1B0C-469B-BD2A-C021C35E1937}.Debug|Any CPU.Build.0 = Debug|Any CPU
		{DA6A805E-1B0C-469B-BD2A-C021C35E1937}.Release|Any CPU.ActiveCfg = Release|Any CPU
		{DA6A805E-1B0C-469B-BD2A-C021C35E1937}.Release|Any CPU.Build.0 = Release|Any CPU
		{A8C80542-CF6B-488B-9975-57B5B1EE04EF}.Debug|Any CPU.ActiveCfg = Debug|Any CPU
		{A8C80542-CF6B-488B-9975-57B5B1EE04EF}.Debug|Any CPU.Build.0 = Debug|Any CPU
		{A8C80542-CF6B-488B-9975-57B5B1EE04EF}.Release|Any CPU.ActiveCfg = Release|Any CPU
		{A8C80542-CF6B-488B-9975-57B5B1EE04EF}.Release|Any CPU.Build.0 = Release|Any CPU
		{FA97CFC5-6FC9-4578-8447-6C8E4BED25A2}.Debug|Any CPU.ActiveCfg = Debug|Any CPU
		{FA97CFC5-6FC9-4578-8447-6C8E4BED25A2}.Debug|Any CPU.Build.0 = Debug|Any CPU
		{FA97CFC5-6FC9-4578-8447-6C8E4BED25A2}.Release|Any CPU.ActiveCfg = Release|Any CPU
		{FA97CFC5-6FC9-4578-8447-6C8E4BED25A2}.Release|Any CPU.Build.0 = Release|Any CPU
		{99EC8EE8-98DB-4974-BA48-A11FD5955EF8}.Debug|Any CPU.ActiveCfg = Debug|Any CPU
		{99EC8EE8-98DB-4974-BA48-A11FD5955EF8}.Debug|Any CPU.Build.0 = Debug|Any CPU
		{99EC8EE8-98DB-4974-BA48-A11FD5955EF8}.Release|Any CPU.ActiveCfg = Release|Any CPU
		{99EC8EE8-98DB-4974-BA48-A11FD5955EF8}.Release|Any CPU.Build.0 = Release|Any CPU
	EndGlobalSection
	GlobalSection(SolutionProperties) = preSolution
		HideSolutionNode = FALSE
	EndGlobalSection
EndGlobal
